
Microsoft Visual Studio Solution File, Format Version 12.00
# Visual Studio Version 17
VisualStudioVersion = 17.9.34622.214
MinimumVisualStudioVersion = 10.0.40219.1
Project("{FAE04EC0-301F-11D3-BF4B-00C04F79EFBC}") = "5_PerfectNumber", "5_PerfectNumber.csproj", "{A6F38C3D-7341-4A90-B47B-CA56C5E3435F}"
EndProject
Global
	GlobalSection(SolutionConfigurationPlatforms) = preSolution
		Debug|Any CPU = Debug|Any CPU
		Release|Any CPU = Release|Any CPU
	EndGlobalSection
	GlobalSection(ProjectConfigurationPlatforms) = postSolution
		{A6F38C3D-7341-4A90-B47B-CA56C5E3435F}.Debug|Any CPU.ActiveCfg = Debug|Any CPU
		{A6F38C3D-7341-4A90-B47B-CA56C5E3435F}.Debug|Any CPU.Build.0 = Debug|Any CPU
		{A6F38C3D-7341-4A90-B47B-CA56C5E3435F}.Release|Any CPU.ActiveCfg = Release|Any CPU
		{A6F38C3D-7341-4A90-B47B-CA56C5E3435F}.Release|Any CPU.Build.0 = Release|Any CPU
	EndGlobalSection
	GlobalSection(SolutionProperties) = preSolution
		HideSolutionNode = FALSE
	EndGlobalSection
	GlobalSection(ExtensibilityGlobals) = postSolution
		SolutionGuid = {7AFA37B3-EDE5-4413-9C1E-0475038C3D83}
	EndGlobalSection
EndGlobal
